
Microsoft Visual Studio Solution File, Format Version 12.00
# Visual Studio Version 16
VisualStudioVersion = 16.0.29503.13
MinimumVisualStudioVersion = 10.0.40219.1
Project("{FAE04EC0-301F-11D3-BF4B-00C04F79EFBC}") = "Audio Files Renamer", "Audio Files Renamer\Audio Files Renamer.csproj", "{FF72E648-2BF5-44D6-9606-867E045D4979}"
EndProject
Project("{FAE04EC0-301F-11D3-BF4B-00C04F79EFBC}") = "File Renamer (cmd)", "File Renamer (cmd)\File Renamer (cmd).csproj", "{18CCCF57-6BE3-402F-A9B5-4380A65FEF05}"
EndProject
Global
	GlobalSection(SolutionConfigurationPlatforms) = preSolution
		Debug|Any CPU = Debug|Any CPU
		Release|Any CPU = Release|Any CPU
	EndGlobalSection
	GlobalSection(ProjectConfigurationPlatforms) = postSolution
		{FF72E648-2BF5-44D6-9606-867E045D4979}.Debug|Any CPU.ActiveCfg = Debug|Any CPU
		{FF72E648-2BF5-44D6-9606-867E045D4979}.Debug|Any CPU.Build.0 = Debug|Any CPU
		{FF72E648-2BF5-44D6-9606-867E045D4979}.Release|Any CPU.ActiveCfg = Release|Any CPU
		{FF72E648-2BF5-44D6-9606-867E045D4979}.Release|Any CPU.Build.0 = Release|Any CPU
		{18CCCF57-6BE3-402F-A9B5-4380A65FEF05}.Debug|Any CPU.ActiveCfg = Debug|Any CPU
		{18CCCF57-6BE3-402F-A9B5-4380A65FEF05}.Debug|Any CPU.Build.0 = Debug|Any CPU
		{18CCCF57-6BE3-402F-A9B5-4380A65FEF05}.Release|Any CPU.ActiveCfg = Release|Any CPU
		{18CCCF57-6BE3-402F-A9B5-4380A65FEF05}.Release|Any CPU.Build.0 = Release|Any CPU
	EndGlobalSection
	GlobalSection(SolutionProperties) = preSolution
		HideSolutionNode = FALSE
	EndGlobalSection
	GlobalSection(ExtensibilityGlobals) = postSolution
		SolutionGuid = {936F6879-3FFA-4A9F-BA03-AA2A15CF102C}
	EndGlobalSection
EndGlobal
